
Microsoft Visual Studio Solution File, Format Version 12.00
# Visual Studio 15
VisualStudioVersion = 15.0.28307.1525
MinimumVisualStudioVersion = 10.0.40219.1
Project("{FAE04EC0-301F-11D3-BF4B-00C04F79EFBC}") = "FirstCSharp", "FirstCSharp\FirstCSharp.csproj", "{492D810A-C975-4A34-807D-8AE29926F4F2}"
EndProject
Global
	GlobalSection(SolutionConfigurationPlatforms) = preSolution
		Debug|Any CPU = Debug|Any CPU
		Release|Any CPU = Release|Any CPU
	EndGlobalSection
	GlobalSection(ProjectConfigurationPlatforms) = postSolution
		{492D810A-C975-4A34-807D-8AE29926F4F2}.Debug|Any CPU.ActiveCfg = Debug|Any CPU
		{492D810A-C975-4A34-807D-8AE29926F4F2}.Debug|Any CPU.Build.0 = Debug|Any CPU
		{492D810A-C975-4A34-807D-8AE29926F4F2}.Release|Any CPU.ActiveCfg = Release|Any CPU
		{492D810A-C975-4A34-807D-8AE29926F4F2}.Release|Any CPU.Build.0 = Release|Any CPU
	EndGlobalSection
	GlobalSection(SolutionProperties) = preSolution
		HideSolutionNode = FALSE
	EndGlobalSection
	GlobalSection(ExtensibilityGlobals) = postSolution
		SolutionGuid = {AC91F16D-98F6-47B7-A106-E9B16FC1AC7F}
	EndGlobalSection
EndGlobal
